PODS:
  - Capacitor (7.4.4):
    - CapacitorCordova
  - CapacitorApp (7.0.2):
    - Capacitor
  - CapacitorCamera (7.0.2):
    - Capacitor
  - CapacitorClipboard (7.0.2):
    - Capacitor
  - CapacitorCommunityBarcodeScanner (4.0.1):
    - Capacitor
  - CapacitorCommunityContacts (7.0.0):
    - Capacitor
  - CapacitorCommunitySqlite (7.0.1):
    - Capacitor
    - SQLCipher
    - ZIPFoundation
  - CapacitorCordova (7.4.4)
  - CapacitorDevice (7.0.2):
    - Capacitor
  - CapacitorFilesystem (7.1.4):
    - Capacitor
    - IONFilesystemLib (~> 1.0.1)
  - CapacitorHaptics (7.0.1):
    - Capacitor
  - CapacitorKeyboard (7.0.2):
    - Capacitor
  - CapacitorLocalNotifications (7.0.2):
    - Capacitor
  - CapacitorNativeSettings (7.0.2):
    - Capacitor
  - CapacitorNetwork (7.0.3):
    - Capacitor
  - CapacitorPreferences (7.0.2):
    - Capacitor
  - CapacitorPushNotifications (7.0.2):
    - Capacitor
  - CapacitorSecureStoragePlugin (0.11.0):
    - Capacitor
    - SwiftKeychainWrapper
  - CapacitorShare (7.0.2):
    - Capacitor
  - CapacitorStatusBar (7.0.1):
    - Capacitor
  - CapacitorStorage (1.2.5):
    - Capacitor
  - CapawesomeCapacitorFilePicker (7.2.0):
    - Capacitor
  - IONFilesystemLib (1.0.1)
  - SQLCipher (4.10.0):
    - SQLCipher/standard (= 4.10.0)
  - SQLCipher/common (4.10.0)
  - SQLCipher/standard (4.10.0):
    - SQLCipher/common
  - SwiftKeychainWrapper (4.0.1)
  - ZIPFoundation (0.9.20)

DEPENDENCIES:
  - "Capacitor (from `../../node_modules/@capacitor/ios`)"
  - "CapacitorApp (from `../../node_modules/@capacitor/app`)"
  - "CapacitorCamera (from `../../node_modules/@capacitor/camera`)"
  - "CapacitorClipboard (from `../../node_modules/@capacitor/clipboard`)"
  - "CapacitorCommunityBarcodeScanner (from `../../node_modules/@capacitor-community/barcode-scanner`)"
  - "CapacitorCommunityContacts (from `../../node_modules/@capacitor-community/contacts`)"
  - "CapacitorCommunitySqlite (from `../../node_modules/@capacitor-community/sqlite`)"
  - "CapacitorCordova (from `../../node_modules/@capacitor/ios`)"
  - "CapacitorDevice (from `../../node_modules/@capacitor/device`)"
  - "CapacitorFilesystem (from `../../node_modules/@capacitor/filesystem`)"
  - "CapacitorHaptics (from `../../node_modules/@capacitor/haptics`)"
  - "CapacitorKeyboard (from `../../node_modules/@capacitor/keyboard`)"
  - "CapacitorLocalNotifications (from `../../node_modules/@capacitor/local-notifications`)"
  - CapacitorNativeSettings (from `../../node_modules/capacitor-native-settings`)
  - "CapacitorNetwork (from `../../node_modules/@capacitor/network`)"
  - "CapacitorPreferences (from `../../node_modules/@capacitor/preferences`)"
  - "CapacitorPushNotifications (from `../../node_modules/@capacitor/push-notifications`)"
  - CapacitorSecureStoragePlugin (from `../../node_modules/capacitor-secure-storage-plugin`)
  - "CapacitorShare (from `../../node_modules/@capacitor/share`)"
  - "CapacitorStatusBar (from `../../node_modules/@capacitor/status-bar`)"
  - "CapacitorStorage (from `../../node_modules/@capacitor/storage`)"
  - "CapawesomeCapacitorFilePicker (from `../../node_modules/@capawesome/capacitor-file-picker`)"

SPEC REPOS:
  trunk:
    - IONFilesystemLib
    - SQLCipher
    - SwiftKeychainWrapper
    - ZIPFoundation

EXTERNAL SOURCES:
  Capacitor:
    :path: "../../node_modules/@capacitor/ios"
  CapacitorApp:
    :path: "../../node_modules/@capacitor/app"
  CapacitorCamera:
    :path: "../../node_modules/@capacitor/camera"
  CapacitorClipboard:
    :path: "../../node_modules/@capacitor/clipboard"
  CapacitorCommunityBarcodeScanner:
    :path: "../../node_modules/@capacitor-community/barcode-scanner"
  CapacitorCommunityContacts:
    :path: "../../node_modules/@capacitor-community/contacts"
  CapacitorCommunitySqlite:
    :path: "../../node_modules/@capacitor-community/sqlite"
  CapacitorCordova:
    :path: "../../node_modules/@capacitor/ios"
  CapacitorDevice:
    :path: "../../node_modules/@capacitor/device"
  CapacitorFilesystem:
    :path: "../../node_modules/@capacitor/filesystem"
  CapacitorHaptics:
    :path: "../../node_modules/@capacitor/haptics"
  CapacitorKeyboard:
    :path: "../../node_modules/@capacitor/keyboard"
  CapacitorLocalNotifications:
    :path: "../../node_modules/@capacitor/local-notifications"
  CapacitorNativeSettings:
    :path: "../../node_modules/capacitor-native-settings"
  CapacitorNetwork:
    :path: "../../node_modules/@capacitor/network"
  CapacitorPreferences:
    :path: "../../node_modules/@capacitor/preferences"
  CapacitorPushNotifications:
    :path: "../../node_modules/@capacitor/push-notifications"
  CapacitorSecureStoragePlugin:
    :path: "../../node_modules/capacitor-secure-storage-plugin"
  CapacitorShare:
    :path: "../../node_modules/@capacitor/share"
  CapacitorStatusBar:
    :path: "../../node_modules/@capacitor/status-bar"
  CapacitorStorage:
    :path: "../../node_modules/@capacitor/storage"
  CapawesomeCapacitorFilePicker:
    :path: "../../node_modules/@capawesome/capacitor-file-picker"

SPEC CHECKSUMS:
  Capacitor: 09d9ff8e9618e8c4b3cab2bbee34a17215dd2fef
  CapacitorApp: efc1e9748a8ea5d3e789cd82a4f451341cc7ac93
  CapacitorCamera: 6e18d54c8ab30d7dc7b8cd93d96f9b4f57e9202a
  CapacitorClipboard: e8b3578b2fce3c4795a5bdf2990b3b7dcef83f65
  CapacitorCommunityBarcodeScanner: 7feb206489c8555a8ca0c74c57ddf49ead774eb8
  CapacitorCommunityContacts: d49af9c4727480c8f0e3d40bf61af9f3acbdd77c
  CapacitorCommunitySqlite: 3f60098baa077322ce32a678614a5fa0029ab519
  CapacitorCordova: bf648a636f3c153f652d312ae145fb508b6ffced
  CapacitorDevice: a50a45f0d075e55e2392c7a4be5404d4f69515de
  CapacitorFilesystem: ac0a386949ed6c295a3dffa129ecd26b881ae5be
  CapacitorHaptics: 70e47470fa1a6bd6338cd102552e3846b7f9a1b3
  CapacitorKeyboard: 056bbe3711830ccb782f1705a8ad183b27b6c51e
  CapacitorLocalNotifications: 0964df8c14ec51aadf2bb4fd6d55fdb1ccfd6721
  CapacitorNativeSettings: f5511eb94cb5700ac4edf54f992d2c0dda1857d6
  CapacitorNetwork: 45766b1f8d26288c4579ae14657455c0cf19b6cb
  CapacitorPreferences: b583b5deb74e564c35968189d25d32c0fd41200d
  CapacitorPushNotifications: 6ffcf5df95f17d71a1b02893549bc4727f80540c
  CapacitorSecureStoragePlugin: 8019bd11de7d5832a87c1bb320750dd6cef792d7
  CapacitorShare: 051c3ceee0ddf3bb54574851a622bbb317eed5bd
  CapacitorStatusBar: 275cbf2f4dfc00388f519ef80c7ec22edda342c9
  CapacitorStorage: 63255170c2f7e9f7363b3e5e015584e6d18f2969
  CapawesomeCapacitorFilePicker: 005c33082078c1dd528ba9204aa49e97d62b68b7
  IONFilesystemLib: 89258b8e3e85465da93127d25d7ce37f977e8a6f
  SQLCipher: eb79c64049cb002b4e9fcb30edb7979bf4706dfc
  SwiftKeychainWrapper: 807ba1d63c33a7d0613288512399cd1eda1e470c
  ZIPFoundation: dfd3d681c4053ff7e2f7350bc4e53b5dba3f5351

PODFILE CHECKSUM: aa89a5b2ed4b91e12f8fc1e6760a106eb1a4e263

COCOAPODS: 1.16.2
